# THIS IS AN AUTOGENERATED FILE. DO NOT EDIT THIS FILE DIRECTLY.
# yarn lockfile v1


"@alexdemichieli/package-test@^1.0.0":
  version "1.0.0"
  resolved "https://npm.pkg.github.com/download/@alexdemichieli/package-test/1.0.0/d61a8519c23771746d9b233f2d32643784998118#d61a8519c23771746d9b233f2d32643784998118"
  integrity sha512-4BerBU7lqTkBA2ZrvKd8WsDgOUrfj9hqtDfVnwD4zLHY5Dn0Ltyq0kwLZ0HVmXEEXZ33wSF8YTfC+IqFAy6zcg==
